
Microsoft Visual Studio Solution File, Format Version 12.00
# Visual Studio Version 17
VisualStudioVersion = 17.0.32112.339
MinimumVisualStudioVersion = 10.0.40219.1
Project("{FAE04EC0-301F-11D3-BF4B-00C04F79EFBC}") = "WorkWithSomeGuys", "WorkWithSomeGuys\WorkWithSomeGuys.csproj", "{70C8AF65-A93C-4138-ACAA-B49B10A53EC0}"
EndProject
Global
	GlobalSection(SolutionConfigurationPlatforms) = preSolution
		Debug|Any CPU = Debug|Any CPU
		Release|Any CPU = Release|Any CPU
	EndGlobalSection
	GlobalSection(ProjectConfigurationPlatforms) = postSolution
		{70C8AF65-A93C-4138-ACAA-B49B10A53EC0}.Debug|Any CPU.ActiveCfg = Debug|Any CPU
		{70C8AF65-A93C-4138-ACAA-B49B10A53EC0}.Debug|Any CPU.Build.0 = Debug|Any CPU
		{70C8AF65-A93C-4138-ACAA-B49B10A53EC0}.Release|Any CPU.ActiveCfg = Release|Any CPU
		{70C8AF65-A93C-4138-ACAA-B49B10A53EC0}.Release|Any CPU.Build.0 = Release|Any CPU
	EndGlobalSection
	GlobalSection(SolutionProperties) = preSolution
		HideSolutionNode = FALSE
	EndGlobalSection
	GlobalSection(ExtensibilityGlobals) = postSolution
		SolutionGuid = {DA30227B-1683-4B99-95F0-0B633EF68216}
	EndGlobalSection
EndGlobal
